
Microsoft Visual Studio Solution File, Format Version 12.00
# Visual Studio Version 17
VisualStudioVersion = 17.1.32407.343
MinimumVisualStudioVersion = 10.0.40219.1
Project("{FAE04EC0-301F-11D3-BF4B-00C04F79EFBC}") = "spp_lab2", "spp_lab2\spp_lab2.csproj", "{7D881EFE-A77B-4BAE-8C2E-D7DE549C5FD5}"
EndProject
Global
	GlobalSection(SolutionConfigurationPlatforms) = preSolution
		Debug|Any CPU = Debug|Any CPU
		Release|Any CPU = Release|Any CPU
	EndGlobalSection
	GlobalSection(ProjectConfigurationPlatforms) = postSolution
		{7D881EFE-A77B-4BAE-8C2E-D7DE549C5FD5}.Debug|Any CPU.ActiveCfg = Debug|Any CPU
		{7D881EFE-A77B-4BAE-8C2E-D7DE549C5FD5}.Debug|Any CPU.Build.0 = Debug|Any CPU
		{7D881EFE-A77B-4BAE-8C2E-D7DE549C5FD5}.Release|Any CPU.ActiveCfg = Release|Any CPU
		{7D881EFE-A77B-4BAE-8C2E-D7DE549C5FD5}.Release|Any CPU.Build.0 = Release|Any CPU
	EndGlobalSection
	GlobalSection(SolutionProperties) = preSolution
		HideSolutionNode = FALSE
	EndGlobalSection
	GlobalSection(ExtensibilityGlobals) = postSolution
		SolutionGuid = {5D953E4C-7A95-48F9-9E6B-E4B9C4A42134}
	EndGlobalSection
EndGlobal
